
Microsoft Visual Studio Solution File, Format Version 12.00
# Visual Studio Version 17
VisualStudioVersion = 17.9.34616.47
MinimumVisualStudioVersion = 10.0.40219.1
Project("{9A19103F-16F7-4668-BE54-9A1E7A4F7556}") = "MVC", "Project\MVC.csproj", "{316ADF97-9283-4F0F-87C9-2AB03EFAE4B6}"
EndProject
Project("{9A19103F-16F7-4668-BE54-9A1E7A4F7556}") = "Library", "Library\Library.csproj", "{D503E224-CDD8-4B8D-AC4F-B3488CBC15DB}"
EndProject
Project("{9A19103F-16F7-4668-BE54-9A1E7A4F7556}") = "MinimalAPI", "MinimalAPI\MinimalAPI.csproj", "{BBE00E29-B1CD-4D66-980D-DE16223B8EEE}"
EndProject
Global
	GlobalSection(SolutionConfigurationPlatforms) = preSolution
		Debug|Any CPU = Debug|Any CPU
		Release|Any CPU = Release|Any CPU
	EndGlobalSection
	GlobalSection(ProjectConfigurationPlatforms) = postSolution
		{316ADF97-9283-4F0F-87C9-2AB03EFAE4B6}.Debug|Any CPU.ActiveCfg = Debug|Any CPU
		{316ADF97-9283-4F0F-87C9-2AB03EFAE4B6}.Debug|Any CPU.Build.0 = Debug|Any CPU
		{316ADF97-9283-4F0F-87C9-2AB03EFAE4B6}.Release|Any CPU.ActiveCfg = Release|Any CPU
		{316ADF97-9283-4F0F-87C9-2AB03EFAE4B6}.Release|Any CPU.Build.0 = Release|Any CPU
		{D503E224-CDD8-4B8D-AC4F-B3488CBC15DB}.Debug|Any CPU.ActiveCfg = Debug|Any CPU
		{D503E224-CDD8-4B8D-AC4F-B3488CBC15DB}.Debug|Any CPU.Build.0 = Debug|Any CPU
		{D503E224-CDD8-4B8D-AC4F-B3488CBC15DB}.Release|Any CPU.ActiveCfg = Release|Any CPU
		{D503E224-CDD8-4B8D-AC4F-B3488CBC15DB}.Release|Any CPU.Build.0 = Release|Any CPU
		{BBE00E29-B1CD-4D66-980D-DE16223B8EEE}.Debug|Any CPU.ActiveCfg = Debug|Any CPU
		{BBE00E29-B1CD-4D66-980D-DE16223B8EEE}.Debug|Any CPU.Build.0 = Debug|Any CPU
		{BBE00E29-B1CD-4D66-980D-DE16223B8EEE}.Release|Any CPU.ActiveCfg = Release|Any CPU
		{BBE00E29-B1CD-4D66-980D-DE16223B8EEE}.Release|Any CPU.Build.0 = Release|Any CPU
	EndGlobalSection
	GlobalSection(SolutionProperties) = preSolution
		HideSolutionNode = FALSE
	EndGlobalSection
	GlobalSection(ExtensibilityGlobals) = postSolution
		SolutionGuid = {581B001C-7AE1-4E55-93F7-4F038F71A629}
	EndGlobalSection
EndGlobal
